
Microsoft Visual Studio Solution File, Format Version 12.00
# Visual Studio Version 17
VisualStudioVersion = 17.10.35013.160
MinimumVisualStudioVersion = 10.0.40219.1
Project("{9A19103F-16F7-4668-BE54-9A1E7A4F7556}") = "L.Algorithms", "L.Algorithms\L.Algorithms.csproj", "{4CB3C61B-B00F-448F-A33D-778A9BAC6BC0}"
EndProject
Project("{9A19103F-16F7-4668-BE54-9A1E7A4F7556}") = "Tests", "Tests\Tests.csproj", "{5DB12565-6941-4C83-95C9-B05977114C44}"
EndProject
Global
	GlobalSection(SolutionConfigurationPlatforms) = preSolution
		Debug|Any CPU = Debug|Any CPU
		Release|Any CPU = Release|Any CPU
	EndGlobalSection
	GlobalSection(ProjectConfigurationPlatforms) = postSolution
		{4CB3C61B-B00F-448F-A33D-778A9BAC6BC0}.Debug|Any CPU.ActiveCfg = Debug|Any CPU
		{4CB3C61B-B00F-448F-A33D-778A9BAC6BC0}.Debug|Any CPU.Build.0 = Debug|Any CPU
		{4CB3C61B-B00F-448F-A33D-778A9BAC6BC0}.Release|Any CPU.ActiveCfg = Release|Any CPU
		{4CB3C61B-B00F-448F-A33D-778A9BAC6BC0}.Release|Any CPU.Build.0 = Release|Any CPU
		{5DB12565-6941-4C83-95C9-B05977114C44}.Debug|Any CPU.ActiveCfg = Debug|Any CPU
		{5DB12565-6941-4C83-95C9-B05977114C44}.Debug|Any CPU.Build.0 = Debug|Any CPU
		{5DB12565-6941-4C83-95C9-B05977114C44}.Release|Any CPU.ActiveCfg = Release|Any CPU
		{5DB12565-6941-4C83-95C9-B05977114C44}.Release|Any CPU.Build.0 = Release|Any CPU
	EndGlobalSection
	GlobalSection(SolutionProperties) = preSolution
		HideSolutionNode = FALSE
	EndGlobalSection
	GlobalSection(ExtensibilityGlobals) = postSolution
		SolutionGuid = {C59A1FCE-F5F2-40AB-A315-344306B4DB6A}
	EndGlobalSection
EndGlobal
